// !$*UTF8*$!
{
	archiveVersion = 1;
	classes = {
	};
	objectVersion = 50;
	objects = {

/* Begin PBXBuildFile section */
		5109F3E423E1786B00D68A59 /* AppDelegate.swift in Sources */ = {isa = PBXBuildFile; fileRef = 5109F3E323E1786B00D68A59 /* AppDelegate.swift */; };
		5109F3E623E1786B00D68A59 /* SceneDelegate.swift in Sources */ = {isa = PBXBuildFile; fileRef = 5109F3E523E1786B00D68A59 /* SceneDelegate.swift */; };
		5109F3E823E1786B00D68A59 /* ViewController.swift in Sources */ = {isa = PBXBuildFile; fileRef = 5109F3E723E1786B00D68A59 /* ViewController.swift */; };
		5109F3EB23E1786B00D68A59 /* Main.storyboard in Resources */ = {isa = PBXBuildFile; fileRef = 5109F3E923E1786B00D68A59 /* Main.storyboard */; };
		5109F3EE23E1786B00D68A59 /* shrimp_tastic.xcdatamodeld in Sources */ = {isa = PBXBuildFile; fileRef = 5109F3EC23E1786B00D68A59 /* shrimp_tastic.xcdatamodeld */; };
		5109F3F023E1789200D68A59 /* Assets.xcassets in Resources */ = {isa = PBXBuildFile; fileRef = 5109F3EF23E1789200D68A59 /* Assets.xcassets */; };
		5109F3F323E1789200D68A59 /* LaunchScreen.storyboard in Resources */ = {isa = PBXBuildFile; fileRef = 5109F3F123E1789200D68A59 /* LaunchScreen.storyboard */; };
		5109F40423E1A09200D68A59 /* Seafront-Nieuwpoort-Belg.jpg in Resources */ = {isa = PBXBuildFile; fileRef = 5109F40123E1A09200D68A59 /* Seafront-Nieuwpoort-Belg.jpg */; };
		5109F40523E1A09200D68A59 /* pngfuel.com.png in Resources */ = {isa = PBXBuildFile; fileRef = 5109F40223E1A09200D68A59 /* pngfuel.com.png */; };
		5109F40623E1A09200D68A59 /* pngguru.com.png in Resources */ = {isa = PBXBuildFile; fileRef = 5109F40323E1A09200D68A59 /* pngguru.com.png */; };
		5109F40923E1A17A00D68A59 /* MapKit.framework in Frameworks */ = {isa = PBXBuildFile; fileRef = 5109F40823E1A17A00D68A59 /* MapKit.framework */; };
		5110033923E1BD7300D41F80 /* Artiest.swift in Sources */ = {isa = PBXBuildFile; fileRef = 5110033823E1BD7300D41F80 /* Artiest.swift */; };
		5110033C23E1BFCD00D41F80 /* ArtiestenDataSource.swift in Sources */ = {isa = PBXBuildFile; fileRef = 5110033B23E1BFCD00D41F80 /* ArtiestenDataSource.swift */; };
		5110034023E1C29600D41F80 /* ArtiestenCollectionViewCell.swift in Sources */ = {isa = PBXBuildFile; fileRef = 5110033F23E1C29600D41F80 /* ArtiestenCollectionViewCell.swift */; };
		5110034323E1CEC900D41F80 /* MapViewController.swift in Sources */ = {isa = PBXBuildFile; fileRef = 5110034223E1CEC900D41F80 /* MapViewController.swift */; };
		5110034523E1CEE000D41F80 /* ArtiestenlijstViewController.swift in Sources */ = {isa = PBXBuildFile; fileRef = 5110034423E1CEE000D41F80 /* ArtiestenlijstViewController.swift */; };
		5110034723E1CEFF00D41F80 /* DagEenViewController.swift in Sources */ = {isa = PBXBuildFile; fileRef = 5110034623E1CEFF00D41F80 /* DagEenViewController.swift */; };
		5110034923E1CF0A00D41F80 /* DagTweeViewController.swift in Sources */ = {isa = PBXBuildFile; fileRef = 5110034823E1CF0A00D41F80 /* DagTweeViewController.swift */; };
		5110034C23E1CF2500D41F80 /* DetailViewController.swift in Sources */ = {isa = PBXBuildFile; fileRef = 5110034B23E1CF2500D41F80 /* DetailViewController.swift */; };
		5110035123E1D0D600D41F80 /* Locaties.swift in Sources */ = {isa = PBXBuildFile; fileRef = 5110035023E1D0D600D41F80 /* Locaties.swift */; };
		5110035623E2D68C00D41F80 /* pngguru.com-2.png in Resources */ = {isa = PBXBuildFile; fileRef = 5110035223E2D68B00D41F80 /* pngguru.com-2.png */; };
		5110035923E2D68C00D41F80 /* whale.png in Resources */ = {isa = PBXBuildFile; fileRef = 5110035523E2D68C00D41F80 /* whale.png */; };
		5110035D23E304E800D41F80 /* LocatiesDataSource.swift in Sources */ = {isa = PBXBuildFile; fileRef = 5110035C23E304E800D41F80 /* LocatiesDataSource.swift */; };
		51D1263E23E41C5A0019EC1E /* dagEenCell.swift in Sources */ = {isa = PBXBuildFile; fileRef = 51D1263D23E41C5A0019EC1E /* dagEenCell.swift */; };
		51D1264423E430900019EC1E /* snoop.png in Resources */ = {isa = PBXBuildFile; fileRef = 51D1264323E4308F0019EC1E /* snoop.png */; };
		51D1264623E430A30019EC1E /* eel.png in Resources */ = {isa = PBXBuildFile; fileRef = 51D1264523E430A30019EC1E /* eel.png */; };
		51D1264823E430B10019EC1E /* snail.png in Resources */ = {isa = PBXBuildFile; fileRef = 51D1264723E430B00019EC1E /* snail.png */; };
		51D1264D23E43F3E0019EC1E /* bob.png in Resources */ = {isa = PBXBuildFile; fileRef = 51D1264923E43F3D0019EC1E /* bob.png */; };
		51D1264E23E43F3E0019EC1E /* shark.png in Resources */ = {isa = PBXBuildFile; fileRef = 51D1264A23E43F3E0019EC1E /* shark.png */; };
		51D1264F23E43F3E0019EC1E /* cod.png in Resources */ = {isa = PBXBuildFile; fileRef = 51D1264B23E43F3E0019EC1E /* cod.png */; };
		51D1265023E43F3E0019EC1E /* tuna.png in Resources */ = {isa = PBXBuildFile; fileRef = 51D1264C23E43F3E0019EC1E /* tuna.png */; };
/* End PBXBuildFile section */

/* Begin PBXFileReference section */
		5109F3E023E1786B00D68A59 /* shrimp_tastic.app */ = {isa = PBXFileReference; explicitFileType = wrapper.application; includeInIndex = 0; path = shrimp_tastic.app; sourceTree = BUILT_PRODUCTS_DIR; };
		5109F3E323E1786B00D68A59 /* AppDelegate.swift */ = {isa = PBXFileReference; lastKnownFileType = sourcecode.swift; path = AppDelegate.swift; sourceTree = "<group>"; };
		5109F3E523E1786B00D68A59 /* SceneDelegate.swift */ = {isa = PBXFileReference; lastKnownFileType = sourcecode.swift; path = SceneDelegate.swift; sourceTree = "<group>"; };
		5109F3E723E1786B00D68A59 /* ViewController.swift */ = {isa = PBXFileReference; lastKnownFileType = sourcecode.swift; path = ViewController.swift; sourceTree = "<group>"; };
		5109F3EA23E1786B00D68A59 /* Base */ = {isa = PBXFileReference; lastKnownFileType = file.storyboard; name = Base; path = Base.lproj/Main.storyboard; sourceTree = "<group>"; };
		5109F3ED23E1786B00D68A59 /* shrimp_tastic.xcdatamodel */ = {isa = PBXFileReference; lastKnownFileType = wrapper.xcdatamodel; path = shrimp_tastic.xcdatamodel; sourceTree = "<group>"; };
		5109F3EF23E1789200D68A59 /* Assets.xcassets */ = {isa = PBXFileReference; lastKnownFileType = folder.assetcatalog; path = Assets.xcassets; sourceTree = "<group>"; };
		5109F3F223E1789200D68A59 /* Base */ = {isa = PBXFileReference; lastKnownFileType = file.storyboard; name = Base; path = Base.lproj/LaunchScreen.storyboard; sourceTree = "<group>"; };
		5109F3F423E1789200D68A59 /* Info.plist */ = {isa = PBXFileReference; lastKnownFileType = text.plist.xml; path = Info.plist; sourceTree = "<group>"; };
		5109F40123E1A09200D68A59 /* Seafront-Nieuwpoort-Belg.jpg */ = {isa = PBXFileReference; lastKnownFileType = image.jpeg; path = "Seafront-Nieuwpoort-Belg.jpg"; sourceTree = "<group>"; };
		5109F40223E1A09200D68A59 /* pngfuel.com.png */ = {isa = PBXFileReference; lastKnownFileType = image.png; path = pngfuel.com.png; sourceTree = "<group>"; };
		5109F40323E1A09200D68A59 /* pngguru.com.png */ = {isa = PBXFileReference; lastKnownFileType = image.png; path = pngguru.com.png; sourceTree = "<group>"; };
		5109F40823E1A17A00D68A59 /* MapKit.framework */ = {isa = PBXFileReference; lastKnownFileType = wrapper.framework; name = MapKit.framework; path = System/Library/Frameworks/MapKit.framework; sourceTree = SDKROOT; };
		5110033823E1BD7300D41F80 /* Artiest.swift */ = {isa = PBXFileReference; lastKnownFileType = sourcecode.swift; path = Artiest.swift; sourceTree = "<group>"; };
		5110033B23E1BFCD00D41F80 /* ArtiestenDataSource.swift */ = {isa = PBXFileReference; lastKnownFileType = sourcecode.swift; path = ArtiestenDataSource.swift; sourceTree = "<group>"; };
		5110033F23E1C29600D41F80 /* ArtiestenCollectionViewCell.swift */ = {isa = PBXFileReference; lastKnownFileType = sourcecode.swift; path = ArtiestenCollectionViewCell.swift; sourceTree = "<group>"; };
		5110034223E1CEC900D41F80 /* MapViewController.swift */ = {isa = PBXFileReference; lastKnownFileType = sourcecode.swift; path = MapViewController.swift; sourceTree = "<group>"; };
		5110034423E1CEE000D41F80 /* ArtiestenlijstViewController.swift */ = {isa = PBXFileReference; lastKnownFileType = sourcecode.swift; path = ArtiestenlijstViewController.swift; sourceTree = "<group>"; };
		5110034623E1CEFF00D41F80 /* DagEenViewController.swift */ = {isa = PBXFileReference; lastKnownFileType = sourcecode.swift; path = DagEenViewController.swift; sourceTree = "<group>"; };
		5110034823E1CF0A00D41F80 /* DagTweeViewController.swift */ = {isa = PBXFileReference; lastKnownFileType = sourcecode.swift; path = DagTweeViewController.swift; sourceTree = "<group>"; };
		5110034B23E1CF2500D41F80 /* DetailViewController.swift */ = {isa = PBXFileReference; lastKnownFileType = sourcecode.swift; path = DetailViewController.swift; sourceTree = "<group>"; };
		5110035023E1D0D600D41F80 /* Locaties.swift */ = {isa = PBXFileReference; lastKnownFileType = sourcecode.swift; path = Locaties.swift; sourceTree = "<group>"; };
		5110035223E2D68B00D41F80 /* pngguru.com-2.png */ = {isa = PBXFileReference; lastKnownFileType = image.png; path = "pngguru.com-2.png"; sourceTree = "<group>"; };
		5110035523E2D68C00D41F80 /* whale.png */ = {isa = PBXFileReference; lastKnownFileType = image.png; path = whale.png; sourceTree = "<group>"; };
		5110035C23E304E800D41F80 /* LocatiesDataSource.swift */ = {isa = PBXFileReference; lastKnownFileType = sourcecode.swift; path = LocatiesDataSource.swift; sourceTree = "<group>"; };
		51D1263D23E41C5A0019EC1E /* dagEenCell.swift */ = {isa = PBXFileReference; lastKnownFileType = sourcecode.swift; path = dagEenCell.swift; sourceTree = "<group>"; };
		51D1264323E4308F0019EC1E /* snoop.png */ = {isa = PBXFileReference; lastKnownFileType = image.png; path = snoop.png; sourceTree = "<group>"; };
		51D1264523E430A30019EC1E /* eel.png */ = {isa = PBXFileReference; lastKnownFileType = image.png; path = eel.png; sourceTree = "<group>"; };
		51D1264723E430B00019EC1E /* snail.png */ = {isa = PBXFileReference; lastKnownFileType = image.png; path = snail.png; sourceTree = "<group>"; };
		51D1264923E43F3D0019EC1E /* bob.png */ = {isa = PBXFileReference; lastKnownFileType = image.png; path = bob.png; sourceTree = "<group>"; };
		51D1264A23E43F3E0019EC1E /* shark.png */ = {isa = PBXFileReference; lastKnownFileType = image.png; path = shark.png; sourceTree = "<group>"; };
		51D1264B23E43F3E0019EC1E /* cod.png */ = {isa = PBXFileReference; lastKnownFileType = image.png; path = cod.png; sourceTree = "<group>"; };
		51D1264C23E43F3E0019EC1E /* tuna.png */ = {isa = PBXFileReference; lastKnownFileType = image.png; path = tuna.png; sourceTree = "<group>"; };
/* End PBXFileReference section */

/* Begin PBXFrameworksBuildPhase section */
		5109F3DD23E1786B00D68A59 /* Frameworks */ = {
			isa = PBXFrameworksBuildPhase;
			buildActionMask = 2147483647;
			files = (
				5109F40923E1A17A00D68A59 /* MapKit.framework in Frameworks */,
			);
			runOnlyForDeploymentPostprocessing = 0;
		};
/* End PBXFrameworksBuildPhase section */

/* Begin PBXGroup section */
		5109F3D723E1786B00D68A59 = {
			isa = PBXGroup;
			children = (
				5109F3E223E1786B00D68A59 /* shrimp_tastic */,
				5109F3E123E1786B00D68A59 /* Products */,
				5109F40723E1A17A00D68A59 /* Frameworks */,
			);
			sourceTree = "<group>";
		};
		5109F3E123E1786B00D68A59 /* Products */ = {
			isa = PBXGroup;
			children = (
				5109F3E023E1786B00D68A59 /* shrimp_tastic.app */,
			);
			name = Products;
			sourceTree = "<group>";
		};
		5109F3E223E1786B00D68A59 /* shrimp_tastic */ = {
			isa = PBXGroup;
			children = (
				5110034F23E1D00F00D41F80 /* datasources */,
				5110034123E1CEA500D41F80 /* controllers */,
				5110033A23E1BFB300D41F80 /* model */,
				5109F3FA23E1802800D68A59 /* media */,
				5109F3E323E1786B00D68A59 /* AppDelegate.swift */,
				5109F3E523E1786B00D68A59 /* SceneDelegate.swift */,
				5109F3E923E1786B00D68A59 /* Main.storyboard */,
				5109F3EF23E1789200D68A59 /* Assets.xcassets */,
				5109F3F123E1789200D68A59 /* LaunchScreen.storyboard */,
				5109F3F423E1789200D68A59 /* Info.plist */,
				5109F3EC23E1786B00D68A59 /* shrimp_tastic.xcdatamodeld */,
			);
			path = shrimp_tastic;
			sourceTree = "<group>";
		};
		5109F3FA23E1802800D68A59 /* media */ = {
			isa = PBXGroup;
			children = (
				51D1264C23E43F3E0019EC1E /* tuna.png */,
				51D1264923E43F3D0019EC1E /* bob.png */,
				51D1264A23E43F3E0019EC1E /* shark.png */,
				51D1264B23E43F3E0019EC1E /* cod.png */,
				51D1264723E430B00019EC1E /* snail.png */,
				51D1264523E430A30019EC1E /* eel.png */,
				51D1264323E4308F0019EC1E /* snoop.png */,
				5110035223E2D68B00D41F80 /* pngguru.com-2.png */,
				5110035523E2D68C00D41F80 /* whale.png */,
				5109F40223E1A09200D68A59 /* pngfuel.com.png */,
				5109F40323E1A09200D68A59 /* pngguru.com.png */,
				5109F40123E1A09200D68A59 /* Seafront-Nieuwpoort-Belg.jpg */,
			);
			path = media;
			sourceTree = "<group>";
		};
		5109F40723E1A17A00D68A59 /* Frameworks */ = {
			isa = PBXGroup;
			children = (
				5109F40823E1A17A00D68A59 /* MapKit.framework */,
			);
			name = Frameworks;
			sourceTree = "<group>";
		};
		5110033A23E1BFB300D41F80 /* model */ = {
			isa = PBXGroup;
			children = (
				5110033F23E1C29600D41F80 /* ArtiestenCollectionViewCell.swift */,
				5110033823E1BD7300D41F80 /* Artiest.swift */,
				5110035023E1D0D600D41F80 /* Locaties.swift */,
				51D1263D23E41C5A0019EC1E /* dagEenCell.swift */,
			);
			path = model;
			sourceTree = "<group>";
		};
		5110034123E1CEA500D41F80 /* controllers */ = {
			isa = PBXGroup;
			children = (
				5109F3E723E1786B00D68A59 /* ViewController.swift */,
				5110034223E1CEC900D41F80 /* MapViewController.swift */,
				5110034423E1CEE000D41F80 /* ArtiestenlijstViewController.swift */,
				5110034623E1CEFF00D41F80 /* DagEenViewController.swift */,
				5110034823E1CF0A00D41F80 /* DagTweeViewController.swift */,
				5110034B23E1CF2500D41F80 /* DetailViewController.swift */,
			);
			path = controllers;
			sourceTree = "<group>";
		};
		5110034F23E1D00F00D41F80 /* datasources */ = {
			isa = PBXGroup;
			children = (
				5110033B23E1BFCD00D41F80 /* ArtiestenDataSource.swift */,
				5110035C23E304E800D41F80 /* LocatiesDataSource.swift */,
			);
			path = datasources;
			sourceTree = "<group>";
		};
/* End PBXGroup section */

/* Begin PBXNativeTarget section */
		5109F3DF23E1786B00D68A59 /* shrimp_tastic */ = {
			isa = PBXNativeTarget;
			buildConfigurationList = 5109F3F723E1789200D68A59 /* Build configuration list for PBXNativeTarget "shrimp_tastic" */;
			buildPhases = (
				5109F3DC23E1786B00D68A59 /* Sources */,
				5109F3DD23E1786B00D68A59 /* Frameworks */,
				5109F3DE23E1786B00D68A59 /* Resources */,
			);
			buildRules = (
			);
			dependencies = (
			);
			name = shrimp_tastic;
			productName = shrimp_tastic;
			productReference = 5109F3E023E1786B00D68A59 /* shrimp_tastic.app */;
			productType = "com.apple.product-type.application";
		};
/* End PBXNativeTarget section */

/* Begin PBXProject section */
		5109F3D823E1786B00D68A59 /* Project object */ = {
			isa = PBXProject;
			attributes = {
				LastSwiftUpdateCheck = 1130;
				LastUpgradeCheck = 1130;
				ORGANIZATIONNAME = EhB;
				TargetAttributes = {
					5109F3DF23E1786B00D68A59 = {
						CreatedOnToolsVersion = 11.3;
					};
				};
			};
			buildConfigurationList = 5109F3DB23E1786B00D68A59 /* Build configuration list for PBXProject "shrimp_tastic" */;
			compatibilityVersion = "Xcode 9.3";
			developmentRegion = en;
			hasScannedForEncodings = 0;
			knownRegions = (
				en,
				Base,
			);
			mainGroup = 5109F3D723E1786B00D68A59;
			productRefGroup = 5109F3E123E1786B00D68A59 /* Products */;
			projectDirPath = "";
			projectRoot = "";
			targets = (
				5109F3DF23E1786B00D68A59 /* shrimp_tastic */,
			);
		};
/* End PBXProject section */

/* Begin PBXResourcesBuildPhase section */
		5109F3DE23E1786B00D68A59 /* Resources */ = {
			isa = PBXResourcesBuildPhase;
			buildActionMask = 2147483647;
			files = (
				51D1264D23E43F3E0019EC1E /* bob.png in Resources */,
				5110035623E2D68C00D41F80 /* pngguru.com-2.png in Resources */,
				5109F3F323E1789200D68A59 /* LaunchScreen.storyboard in Resources */,
				51D1264E23E43F3E0019EC1E /* shark.png in Resources */,
				51D1264F23E43F3E0019EC1E /* cod.png in Resources */,
				51D1264823E430B10019EC1E /* snail.png in Resources */,
				5109F40623E1A09200D68A59 /* pngguru.com.png in Resources */,
				51D1264423E430900019EC1E /* snoop.png in Resources */,
				51D1264623E430A30019EC1E /* eel.png in Resources */,
				5110035923E2D68C00D41F80 /* whale.png in Resources */,
				5109F40423E1A09200D68A59 /* Seafront-Nieuwpoort-Belg.jpg in Resources */,
				5109F3F023E1789200D68A59 /* Assets.xcassets in Resources */,
				51D1265023E43F3E0019EC1E /* tuna.png in Resources */,
				5109F3EB23E1786B00D68A59 /* Main.storyboard in Resources */,
				5109F40523E1A09200D68A59 /* pngfuel.com.png in Resources */,
			);
			runOnlyForDeploymentPostprocessing = 0;
		};
/* End PBXResourcesBuildPhase section */

/* Begin PBXSourcesBuildPhase section */
		5109F3DC23E1786B00D68A59 /* Sources */ = {
			isa = PBXSourcesBuildPhase;
			buildActionMask = 2147483647;
			files = (
				5110034723E1CEFF00D41F80 /* DagEenViewController.swift in Sources */,
				5110033C23E1BFCD00D41F80 /* ArtiestenDataSource.swift in Sources */,
				5110034023E1C29600D41F80 /* ArtiestenCollectionViewCell.swift in Sources */,
				5110035D23E304E800D41F80 /* LocatiesDataSource.swift in Sources */,
				5110034523E1CEE000D41F80 /* ArtiestenlijstViewController.swift in Sources */,
				5110034923E1CF0A00D41F80 /* DagTweeViewController.swift in Sources */,
				5110033923E1BD7300D41F80 /* Artiest.swift in Sources */,
				5109F3EE23E1786B00D68A59 /* shrimp_tastic.xcdatamodeld in Sources */,
				5109F3E823E1786B00D68A59 /* ViewController.swift in Sources */,
				5109F3E423E1786B00D68A59 /* AppDelegate.swift in Sources */,
				5109F3E623E1786B00D68A59 /* SceneDelegate.swift in Sources */,
				5110034323E1CEC900D41F80 /* MapViewController.swift in Sources */,
				5110034C23E1CF2500D41F80 /* DetailViewController.swift in Sources */,
				5110035123E1D0D600D41F80 /* Locaties.swift in Sources */,
				51D1263E23E41C5A0019EC1E /* dagEenCell.swift in Sources */,
			);
			runOnlyForDeploymentPostprocessing = 0;
		};
/* End PBXSourcesBuildPhase section */

/* Begin PBXVariantGroup section */
		5109F3E923E1786B00D68A59 /* Main.storyboard */ = {
			isa = PBXVariantGroup;
			children = (
				5109F3EA23E1786B00D68A59 /* Base */,
			);
			name = Main.storyboard;
			sourceTree = "<group>";
		};
		5109F3F123E1789200D68A59 /* LaunchScreen.storyboard */ = {
			isa = PBXVariantGroup;
			children = (
				5109F3F223E1789200D68A59 /* Base */,
			);
			name = LaunchScreen.storyboard;
			sourceTree = "<group>";
		};
/* End PBXVariantGroup section */

/* Begin XCBuildConfiguration section */
		5109F3F523E1789200D68A59 /* Debug */ = {
			isa = XCBuildConfiguration;
			buildSettings = {
				ALWAYS_SEARCH_USER_PATHS = NO;
				CLANG_ANALYZER_NONNULL = YES;
				CLANG_ANALYZER_NUMBER_OBJECT_CONVERSION = YES_AGGRESSIVE;
				CLANG_CXX_LANGUAGE_STANDARD = "gnu++14";
				CLANG_CXX_LIBRARY = "libc++";
				CLANG_ENABLE_MODULES = YES;
				CLANG_ENABLE_OBJC_ARC = YES;
				CLANG_ENABLE_OBJC_WEAK = YES;
				CLANG_WARN_BLOCK_CAPTURE_AUTORELEASING = YES;
				CLANG_WARN_BOOL_CONVERSION = YES;
				CLANG_WARN_COMMA = YES;
				CLANG_WARN_CONSTANT_CONVERSION = YES;
				CLANG_WARN_DEPRECATED_OBJC_IMPLEMENTATIONS = YES;
				CLANG_WARN_DIRECT_OBJC_ISA_USAGE = YES_ERROR;
				CLANG_WARN_DOCUMENTATION_COMMENTS = YES;
				CLANG_WARN_EMPTY_BODY = YES;
				CLANG_WARN_ENUM_CONVERSION = YES;
				CLANG_WARN_INFINITE_RECURSION = YES;
				CLANG_WARN_INT_CONVERSION = YES;
				CLANG_WARN_NON_LITERAL_NULL_CONVERSION = YES;
				CLANG_WARN_OBJC_IMPLICIT_RETAIN_SELF = YES;
				CLANG_WARN_OBJC_LITERAL_CONVERSION = YES;
				CLANG_WARN_OBJC_ROOT_CLASS = YES_ERROR;
				CLANG_WARN_RANGE_LOOP_ANALYSIS = YES;
				CLANG_WARN_STRICT_PROTOTYPES = YES;
				CLANG_WARN_SUSPICIOUS_MOVE = YES;
				CLANG_WARN_UNGUARDED_AVAILABILITY = YES_AGGRESSIVE;
				CLANG_WARN_UNREACHABLE_CODE = YES;
				CLANG_WARN__DUPLICATE_METHOD_MATCH = YES;
				COPY_PHASE_STRIP = NO;
				DEBUG_INFORMATION_FORMAT = dwarf;
				ENABLE_STRICT_OBJC_MSGSEND = YES;
				ENABLE_TESTABILITY = YES;
				GCC_C_LANGUAGE_STANDARD = gnu11;
				GCC_DYNAMIC_NO_PIC = NO;
				GCC_NO_COMMON_BLOCKS = YES;
				GCC_OPTIMIZATION_LEVEL = 0;
				GCC_PREPROCESSOR_DEFINITIONS = (
					"DEBUG=1",
					"$(inherited)",
				);
				GCC_WARN_64_TO_32_BIT_CONVERSION = YES;
				GCC_WARN_ABOUT_RETURN_TYPE = YES_ERROR;
				GCC_WARN_UNDECLARED_SELECTOR = YES;
				GCC_WARN_UNINITIALIZED_AUTOS = YES_AGGRESSIVE;
				GCC_WARN_UNUSED_FUNCTION = YES;
				GCC_WARN_UNUSED_VARIABLE = YES;
				IPHONEOS_DEPLOYMENT_TARGET = 13.2;
				MTL_ENABLE_DEBUG_INFO = INCLUDE_SOURCE;
				MTL_FAST_MATH = YES;
				ONLY_ACTIVE_ARCH = YES;
				SDKROOT = iphoneos;
				SWIFT_ACTIVE_COMPILATION_CONDITIONS = DEBUG;
				SWIFT_OPTIMIZATION_LEVEL = "-Onone";
			};
			name = Debug;
		};
		5109F3F623E1789200D68A59 /* Release */ = {
			isa = XCBuildConfiguration;
			buildSettings = {
				ALWAYS_SEARCH_USER_PATHS = NO;
				CLANG_ANALYZER_NONNULL = YES;
				CLANG_ANALYZER_NUMBER_OBJECT_CONVERSION = YES_AGGRESSIVE;
				CLANG_CXX_LANGUAGE_STANDARD = "gnu++14";
				CLANG_CXX_LIBRARY = "libc++";
				CLANG_ENABLE_MODULES = YES;
				CLANG_ENABLE_OBJC_ARC = YES;
				CLANG_ENABLE_OBJC_WEAK = YES;
				CLANG_WARN_BLOCK_CAPTURE_AUTORELEASING = YES;
				CLANG_WARN_BOOL_CONVERSION = YES;
				CLANG_WARN_COMMA = YES;
				CLANG_WARN_CONSTANT_CONVERSION = YES;
				CLANG_WARN_DEPRECATED_OBJC_IMPLEMENTATIONS = YES;
				CLANG_WARN_DIRECT_OBJC_ISA_USAGE = YES_ERROR;
				CLANG_WARN_DOCUMENTATION_COMMENTS = YES;
				CLANG_WARN_EMPTY_BODY = YES;
				CLANG_WARN_ENUM_CONVERSION = YES;
				CLANG_WARN_INFINITE_RECURSION = YES;
				CLANG_WARN_INT_CONVERSION = YES;
				CLANG_WARN_NON_LITERAL_NULL_CONVERSION = YES;
				CLANG_WARN_OBJC_IMPLICIT_RETAIN_SELF = YES;
				CLANG_WARN_OBJC_LITERAL_CONVERSION = YES;
				CLANG_WARN_OBJC_ROOT_CLASS = YES_ERROR;
				CLANG_WARN_RANGE_LOOP_ANALYSIS = YES;
				CLANG_WARN_STRICT_PROTOTYPES = YES;
				CLANG_WARN_SUSPICIOUS_MOVE = YES;
				CLANG_WARN_UNGUARDED_AVAILABILITY = YES_AGGRESSIVE;
				CLANG_WARN_UNREACHABLE_CODE = YES;
				CLANG_WARN__DUPLICATE_METHOD_MATCH = YES;
				COPY_PHASE_STRIP = NO;
				DEBUG_INFORMATION_FORMAT = "dwarf-with-dsym";
				ENABLE_NS_ASSERTIONS = NO;
				ENABLE_STRICT_OBJC_MSGSEND = YES;
				GCC_C_LANGUAGE_STANDARD = gnu11;
				GCC_NO_COMMON_BLOCKS = YES;
				GCC_WARN_64_TO_32_BIT_CONVERSION = YES;
				GCC_WARN_ABOUT_RETURN_TYPE = YES_ERROR;
				GCC_WARN_UNDECLARED_SELECTOR = YES;
				GCC_WARN_UNINITIALIZED_AUTOS = YES_AGGRESSIVE;
				GCC_WARN_UNUSED_FUNCTION = YES;
				GCC_WARN_UNUSED_VARIABLE = YES;
				IPHONEOS_DEPLOYMENT_TARGET = 13.2;
				MTL_ENABLE_DEBUG_INFO = NO;
				MTL_FAST_MATH = YES;
				SDKROOT = iphoneos;
				SWIFT_COMPILATION_MODE = wholemodule;
				SWIFT_OPTIMIZATION_LEVEL = "-O";
				VALIDATE_PRODUCT = YES;
			};
			name = Release;
		};
		5109F3F823E1789200D68A59 /* Debug */ = {
			isa = XCBuildConfiguration;
			buildSettings = {
				ASSETCATALOG_COMPILER_APPICON_NAME = AppIcon;
				CODE_SIGN_STYLE = Automatic;
				INFOPLIST_FILE = shrimp_tastic/Info.plist;
				LD_RUNPATH_SEARCH_PATHS = (
					"$(inherited)",
					"@executable_path/Frameworks",
				);
				PRODUCT_BUNDLE_IDENTIFIER = "be.ehb.shrimp-tastic";
				PRODUCT_NAME = "$(TARGET_NAME)";
				SWIFT_VERSION = 5.0;
				TARGETED_DEVICE_FAMILY = "1,2";
			};
			name = Debug;
		};
		5109F3F923E1789200D68A59 /* Release */ = {
			isa = XCBuildConfiguration;
			buildSettings = {
				ASSETCATALOG_COMPILER_APPICON_NAME = AppIcon;
				CODE_SIGN_STYLE = Automatic;
				INFOPLIST_FILE = shrimp_tastic/Info.plist;
				LD_RUNPATH_SEARCH_PATHS = (
					"$(inherited)",
					"@executable_path/Frameworks",
				);
				PRODUCT_BUNDLE_IDENTIFIER = "be.ehb.shrimp-tastic";
				PRODUCT_NAME = "$(TARGET_NAME)";
				SWIFT_VERSION = 5.0;
				TARGETED_DEVICE_FAMILY = "1,2";
			};
			name = Release;
		};
/* End XCBuildConfiguration section */

/* Begin XCConfigurationList section */
		5109F3DB23E1786B00D68A59 /* Build configuration list for PBXProject "shrimp_tastic" */ = {
			isa = XCConfigurationList;
			buildConfigurations = (
				5109F3F523E1789200D68A59 /* Debug */,
				5109F3F623E1789200D68A59 /* Release */,
			);
			defaultConfigurationIsVisible = 0;
			defaultConfigurationName = Release;
		};
		5109F3F723E1789200D68A59 /* Build configuration list for PBXNativeTarget "shrimp_tastic" */ = {
			isa = XCConfigurationList;
			buildConfigurations = (
				5109F3F823E1789200D68A59 /* Debug */,
				5109F3F923E1789200D68A59 /* Release */,
			);
			defaultConfigurationIsVisible = 0;
			defaultConfigurationName = Release;
		};
/* End XCConfigurationList section */

/* Begin XCVersionGroup section */
		5109F3EC23E1786B00D68A59 /* shrimp_tastic.xcdatamodeld */ = {
			isa = XCVersionGroup;
			children = (
				5109F3ED23E1786B00D68A59 /* shrimp_tastic.xcdatamodel */,
			);
			currentVersion = 5109F3ED23E1786B00D68A59 /* shrimp_tastic.xcdatamodel */;
			path = shrimp_tastic.xcdatamodeld;
			sourceTree = "<group>";
			versionGroupType = wrapper.xcdatamodel;
		};
/* End XCVersionGroup section */
	};
	rootObject = 5109F3D823E1786B00D68A59 /* Project object */;
}
